{
  "name": "youcode-2024",
  "lockfileVersion": 3,
  "requires": true,
  "packages": {
    "": {
      "dependencies": {
        "framer-motion": "^11.0.25"
      }
    },
    "node_modules/framer-motion": {
      "version": "11.0.25",
      "resolved": "https://registry.npmjs.org/framer-motion/-/framer-motion-11.0.25.tgz",
      "integrity": "sha512-mRt7vQGzA7++wTgb+PW1TrlXXgndqR6hCiJ48fXr2X9alte2hPQiAq556HRwDCt0Q5X98MNvcSe4KUa27Gm5Lg==",
      "dependencies": {
        "tslib": "^2.4.0"
      },
      "peerDependencies": {
        "@emotion/is-prop-valid": "*",
        "react": "^18.0.0",
        "react-dom": "^18.0.0"
      },
      "peerDependenciesMeta": {
        "@emotion/is-prop-valid": {
          "optional": true
        },
        "react": {
          "optional": true
        },
        "react-dom": {
          "optional": true
        }
      }
    },
    "node_modules/tslib": {
      "version": "2.6.2",
      "resolved": "https://registry.npmjs.org/tslib/-/tslib-2.6.2.tgz",
      "integrity": "sha512-AEYxH93jGFPn/a2iVAwW87VuUIkR1FVUKB77NwMF7nBTDkDrrT/Hpt/IrCJ0QXhW27jTBDcf5ZY7w6RiqTMw2Q=="
    }
  }
}
